
Microsoft Visual Studio Solution File, Format Version 12.00
# Visual Studio Version 16
VisualStudioVersion = 16.0.31205.134
MinimumVisualStudioVersion = 10.0.40219.1
Project("{FAE04EC0-301F-11D3-BF4B-00C04F79EFBC}") = "Task manager", "Task manager\Task manager.csproj", "{854C3DEA-ACB1-401D-BA09-2A4C1F34FADE}"
EndProject
Project("{FAE04EC0-301F-11D3-BF4B-00C04F79EFBC}") = "BLL", "BLL\BLL.csproj", "{D4873CB7-AA2B-4647-AD84-AF49481DEB3B}"
EndProject
Project("{FAE04EC0-301F-11D3-BF4B-00C04F79EFBC}") = "DAL", "DAL\DAL.csproj", "{0BC03328-24F3-4BF3-A55C-FFC3CD0941D3}"
EndProject
Global
	GlobalSection(SolutionConfigurationPlatforms) = preSolution
		Debug|Any CPU = Debug|Any CPU
		Release|Any CPU = Release|Any CPU
	EndGlobalSection
	GlobalSection(ProjectConfigurationPlatforms) = postSolution
		{854C3DEA-ACB1-401D-BA09-2A4C1F34FADE}.Debug|Any CPU.ActiveCfg = Debug|Any CPU
		{854C3DEA-ACB1-401D-BA09-2A4C1F34FADE}.Debug|Any CPU.Build.0 = Debug|Any CPU
		{854C3DEA-ACB1-401D-BA09-2A4C1F34FADE}.Release|Any CPU.ActiveCfg = Release|Any CPU
		{854C3DEA-ACB1-401D-BA09-2A4C1F34FADE}.Release|Any CPU.Build.0 = Release|Any CPU
		{D4873CB7-AA2B-4647-AD84-AF49481DEB3B}.Debug|Any CPU.ActiveCfg = Debug|Any CPU
		{D4873CB7-AA2B-4647-AD84-AF49481DEB3B}.Debug|Any CPU.Build.0 = Debug|Any CPU
		{D4873CB7-AA2B-4647-AD84-AF49481DEB3B}.Release|Any CPU.ActiveCfg = Release|Any CPU
		{D4873CB7-AA2B-4647-AD84-AF49481DEB3B}.Release|Any CPU.Build.0 = Release|Any CPU
		{0BC03328-24F3-4BF3-A55C-FFC3CD0941D3}.Debug|Any CPU.ActiveCfg = Debug|Any CPU
		{0BC03328-24F3-4BF3-A55C-FFC3CD0941D3}.Debug|Any CPU.Build.0 = Debug|Any CPU
		{0BC03328-24F3-4BF3-A55C-FFC3CD0941D3}.Release|Any CPU.ActiveCfg = Release|Any CPU
		{0BC03328-24F3-4BF3-A55C-FFC3CD0941D3}.Release|Any CPU.Build.0 = Release|Any CPU
	EndGlobalSection
	GlobalSection(SolutionProperties) = preSolution
		HideSolutionNode = FALSE
	EndGlobalSection
	GlobalSection(ExtensibilityGlobals) = postSolution
		SolutionGuid = {2B0BD740-CE7A-43F7-A223-8D1559147A41}
	EndGlobalSection
EndGlobal
